// !$*UTF8*$!
{
	archiveVersion = 1;
	classes = {
	};
	objectVersion = 77;
	objects = {

/* Begin PBXBuildFile section */
		E23536A52D77042F0004BD6B /* DeepLSafari Extension.appex in Embed Foundation Extensions */ = {isa = PBXBuildFile; fileRef = E23536A42D77042F0004BD6B /* DeepLSafari Extension.appex */; settings = {ATTRIBUTES = (RemoveHeadersOnCopy, ); }; };
		E23536AF2D77042F0004BD6B /* DeepLSafari Extension.appex in Embed Foundation Extensions */ = {isa = PBXBuildFile; fileRef = E23536AE2D77042F0004BD6B /* DeepLSafari Extension.appex */; settings = {ATTRIBUTES = (RemoveHeadersOnCopy, ); }; };
/* End PBXBuildFile section */

/* Begin PBXContainerItemProxy section */
		E23536A62D77042F0004BD6B /* PBXContainerItemProxy */ = {
			isa = PBXContainerItemProxy;
			containerPortal = E235366A2D77042D0004BD6B /* Project object */;
			proxyType = 1;
			remoteGlobalIDString = E23536A32D77042F0004BD6B;
			remoteInfo = "DeepLSafari Extension (iOS)";
		};
		E23536B02D77042F0004BD6B /* PBXContainerItemProxy */ = {
			isa = PBXContainerItemProxy;
			containerPortal = E235366A2D77042D0004BD6B /* Project object */;
			proxyType = 1;
			remoteGlobalIDString = E23536AD2D77042F0004BD6B;
			remoteInfo = "DeepLSafari Extension (macOS)";
		};
/* End PBXContainerItemProxy section */

/* Begin PBXCopyFilesBuildPhase section */
		E23536D82D77042F0004BD6B /* Embed Foundation Extensions */ = {
			isa = PBXCopyFilesBuildPhase;
			buildActionMask = 2147483647;
			dstPath = "";
			dstSubfolderSpec = 13;
			files = (
				E23536A52D77042F0004BD6B /* DeepLSafari Extension.appex in Embed Foundation Extensions */,
			);
			name = "Embed Foundation Extensions";
			runOnlyForDeploymentPostprocessing = 0;
		};
		E23536E22D77042F0004BD6B /* Embed Foundation Extensions */ = {
			isa = PBXCopyFilesBuildPhase;
			buildActionMask = 2147483647;
			dstPath = "";
			dstSubfolderSpec = 13;
			files = (
				E23536AF2D77042F0004BD6B /* DeepLSafari Extension.appex in Embed Foundation Extensions */,
			);
			name = "Embed Foundation Extensions";
			runOnlyForDeploymentPostprocessing = 0;
		};
/* End PBXCopyFilesBuildPhase section */

/* Begin PBXFileReference section */
		E23536862D77042E0004BD6B /* DeepLSafari.app */ = {isa = PBXFileReference; explicitFileType = wrapper.application; includeInIndex = 0; path = DeepLSafari.app; sourceTree = BUILT_PRODUCTS_DIR; };
		E23536982D77042F0004BD6B /* DeepLSafari.app */ = {isa = PBXFileReference; explicitFileType = wrapper.application; includeInIndex = 0; path = DeepLSafari.app; sourceTree = BUILT_PRODUCTS_DIR; };
		E23536A42D77042F0004BD6B /* DeepLSafari Extension.appex */ = {isa = PBXFileReference; explicitFileType = "wrapper.app-extension"; includeInIndex = 0; path = "DeepLSafari Extension.appex"; sourceTree = BUILT_PRODUCTS_DIR; };
		E23536AE2D77042F0004BD6B /* DeepLSafari Extension.appex */ = {isa = PBXFileReference; explicitFileType = "wrapper.app-extension"; includeInIndex = 0; path = "DeepLSafari Extension.appex"; sourceTree = BUILT_PRODUCTS_DIR; };
/* End PBXFileReference section */

/* Begin PBXFileSystemSynchronizedBuildFileExceptionSet section */
		E23536D32D77042F0004BD6B /* Exceptions for "Shared (App)" folder in "DeepLSafari (iOS)" target */ = {
			isa = PBXFileSystemSynchronizedBuildFileExceptionSet;
			membershipExceptions = (
				"/Localized: Resources/Main.html",
				Assets.xcassets,
				Resources/Icon.png,
				Resources/Script.js,
				Resources/Style.css,
				ViewController.swift,
			);
			target = E23536852D77042E0004BD6B /* DeepLSafari (iOS) */;
		};
		E23536D72D77042F0004BD6B /* Exceptions for "iOS (Extension)" folder in "DeepLSafari Extension (iOS)" target */ = {
			isa = PBXFileSystemSynchronizedBuildFileExceptionSet;
			membershipExceptions = (
				Info.plist,
			);
			target = E23536A32D77042F0004BD6B /* DeepLSafari Extension (iOS) */;
		};
		E23536DC2D77042F0004BD6B /* Exceptions for "iOS (App)" folder in "DeepLSafari (iOS)" target */ = {
			isa = PBXFileSystemSynchronizedBuildFileExceptionSet;
			membershipExceptions = (
				Info.plist,
			);
			target = E23536852D77042E0004BD6B /* DeepLSafari (iOS) */;
		};
		E23536DD2D77042F0004BD6B /* Exceptions for "Shared (App)" folder in "DeepLSafari (macOS)" target */ = {
			isa = PBXFileSystemSynchronizedBuildFileExceptionSet;
			membershipExceptions = (
				"/Localized: Resources/Main.html",
				Assets.xcassets,
				Resources/Icon.png,
				Resources/Script.js,
				Resources/Style.css,
				ViewController.swift,
			);
			target = E23536972D77042F0004BD6B /* DeepLSafari (macOS) */;
		};
		E23536E12D77042F0004BD6B /* Exceptions for "macOS (Extension)" folder in "DeepLSafari Extension (macOS)" target */ = {
			isa = PBXFileSystemSynchronizedBuildFileExceptionSet;
			membershipExceptions = (
				Info.plist,
			);
			target = E23536AD2D77042F0004BD6B /* DeepLSafari Extension (macOS) */;
		};
		E23536E62D77042F0004BD6B /* Exceptions for "Shared (Extension)" folder in "DeepLSafari Extension (iOS)" target */ = {
			isa = PBXFileSystemSynchronizedBuildFileExceptionSet;
			membershipExceptions = (
				Resources/_locales,
				Resources/background.js,
				Resources/content.js,
				Resources/images,
				Resources/manifest.json,
				Resources/popup.css,
				Resources/popup.html,
				Resources/popup.js,
				SafariWebExtensionHandler.swift,
			);
			target = E23536A32D77042F0004BD6B /* DeepLSafari Extension (iOS) */;
		};
		E23536E72D77042F0004BD6B /* Exceptions for "Shared (Extension)" folder in "DeepLSafari Extension (macOS)" target */ = {
			isa = PBXFileSystemSynchronizedBuildFileExceptionSet;
			membershipExceptions = (
				Resources/_locales,
				Resources/background.js,
				Resources/content.js,
				Resources/images,
				Resources/manifest.json,
				Resources/popup.css,
				Resources/popup.html,
				Resources/popup.js,
				SafariWebExtensionHandler.swift,
			);
			target = E23536AD2D77042F0004BD6B /* DeepLSafari Extension (macOS) */;
		};
/* End PBXFileSystemSynchronizedBuildFileExceptionSet section */

/* Begin PBXFileSystemSynchronizedRootGroup section */
		E235366E2D77042D0004BD6B /* Shared (App) */ = {
			isa = PBXFileSystemSynchronizedRootGroup;
			exceptions = (
				E23536D32D77042F0004BD6B /* Exceptions for "Shared (App)" folder in "DeepLSafari (iOS)" target */,
				E23536DD2D77042F0004BD6B /* Exceptions for "Shared (App)" folder in "DeepLSafari (macOS)" target */,
			);
			path = "Shared (App)";
			sourceTree = "<group>";
		};
		E23536772D77042E0004BD6B /* Shared (Extension) */ = {
			isa = PBXFileSystemSynchronizedRootGroup;
			exceptions = (
				E23536E62D77042F0004BD6B /* Exceptions for "Shared (Extension)" folder in "DeepLSafari Extension (iOS)" target */,
				E23536E72D77042F0004BD6B /* Exceptions for "Shared (Extension)" folder in "DeepLSafari Extension (macOS)" target */,
			);
			explicitFolders = (
				Resources/_locales,
				Resources/images,
			);
			path = "Shared (Extension)";
			sourceTree = "<group>";
		};
		E23536882D77042E0004BD6B /* iOS (App) */ = {
			isa = PBXFileSystemSynchronizedRootGroup;
			exceptions = (
				E23536DC2D77042F0004BD6B /* Exceptions for "iOS (App)" folder in "DeepLSafari (iOS)" target */,
			);
			path = "iOS (App)";
			sourceTree = "<group>";
		};
		E23536992D77042F0004BD6B /* macOS (App) */ = {
			isa = PBXFileSystemSynchronizedRootGroup;
			path = "macOS (App)";
			sourceTree = "<group>";
		};
		E23536A82D77042F0004BD6B /* iOS (Extension) */ = {
			isa = PBXFileSystemSynchronizedRootGroup;
			exceptions = (
				E23536D72D77042F0004BD6B /* Exceptions for "iOS (Extension)" folder in "DeepLSafari Extension (iOS)" target */,
			);
			path = "iOS (Extension)";
			sourceTree = "<group>";
		};
		E23536B22D77042F0004BD6B /* macOS (Extension) */ = {
			isa = PBXFileSystemSynchronizedRootGroup;
			exceptions = (
				E23536E12D77042F0004BD6B /* Exceptions for "macOS (Extension)" folder in "DeepLSafari Extension (macOS)" target */,
			);
			path = "macOS (Extension)";
			sourceTree = "<group>";
		};
/* End PBXFileSystemSynchronizedRootGroup section */

/* Begin PBXFrameworksBuildPhase section */
		E23536832D77042E0004BD6B /* Frameworks */ = {
			isa = PBXFrameworksBuildPhase;
			buildActionMask = 2147483647;
			files = (
			);
			runOnlyForDeploymentPostprocessing = 0;
		};
		E23536952D77042F0004BD6B /* Frameworks */ = {
			isa = PBXFrameworksBuildPhase;
			buildActionMask = 2147483647;
			files = (
			);
			runOnlyForDeploymentPostprocessing = 0;
		};
		E23536A12D77042F0004BD6B /* Frameworks */ = {
			isa = PBXFrameworksBuildPhase;
			buildActionMask = 2147483647;
			files = (
			);
			runOnlyForDeploymentPostprocessing = 0;
		};
		E23536AB2D77042F0004BD6B /* Frameworks */ = {
			isa = PBXFrameworksBuildPhase;
			buildActionMask = 2147483647;
			files = (
			);
			runOnlyForDeploymentPostprocessing = 0;
		};
/* End PBXFrameworksBuildPhase section */

/* Begin PBXGroup section */
		E23536692D77042D0004BD6B = {
			isa = PBXGroup;
			children = (
				E235366E2D77042D0004BD6B /* Shared (App) */,
				E23536772D77042E0004BD6B /* Shared (Extension) */,
				E23536882D77042E0004BD6B /* iOS (App) */,
				E23536992D77042F0004BD6B /* macOS (App) */,
				E23536A82D77042F0004BD6B /* iOS (Extension) */,
				E23536B22D77042F0004BD6B /* macOS (Extension) */,
				E23536872D77042E0004BD6B /* Products */,
			);
			sourceTree = "<group>";
		};
		E23536872D77042E0004BD6B /* Products */ = {
			isa = PBXGroup;
			children = (
				E23536862D77042E0004BD6B /* DeepLSafari.app */,
				E23536982D77042F0004BD6B /* DeepLSafari.app */,
				E23536A42D77042F0004BD6B /* DeepLSafari Extension.appex */,
				E23536AE2D77042F0004BD6B /* DeepLSafari Extension.appex */,
			);
			name = Products;
			sourceTree = "<group>";
		};
/* End PBXGroup section */

/* Begin PBXNativeTarget section */
		E23536852D77042E0004BD6B /* DeepLSafari (iOS) */ = {
			isa = PBXNativeTarget;
			buildConfigurationList = E23536D92D77042F0004BD6B /* Build configuration list for PBXNativeTarget "DeepLSafari (iOS)" */;
			buildPhases = (
				E23536822D77042E0004BD6B /* Sources */,
				E23536832D77042E0004BD6B /* Frameworks */,
				E23536842D77042E0004BD6B /* Resources */,
				E23536D82D77042F0004BD6B /* Embed Foundation Extensions */,
			);
			buildRules = (
			);
			dependencies = (
				E23536A72D77042F0004BD6B /* PBXTargetDependency */,
			);
			fileSystemSynchronizedGroups = (
				E23536882D77042E0004BD6B /* iOS (App) */,
			);
			name = "DeepLSafari (iOS)";
			packageProductDependencies = (
			);
			productName = "DeepLSafari (iOS)";
			productReference = E23536862D77042E0004BD6B /* DeepLSafari.app */;
			productType = "com.apple.product-type.application";
		};
		E23536972D77042F0004BD6B /* DeepLSafari (macOS) */ = {
			isa = PBXNativeTarget;
			buildConfigurationList = E23536E32D77042F0004BD6B /* Build configuration list for PBXNativeTarget "DeepLSafari (macOS)" */;
			buildPhases = (
				E23536942D77042F0004BD6B /* Sources */,
				E23536952D77042F0004BD6B /* Frameworks */,
				E23536962D77042F0004BD6B /* Resources */,
				E23536E22D77042F0004BD6B /* Embed Foundation Extensions */,
			);
			buildRules = (
			);
			dependencies = (
				E23536B12D77042F0004BD6B /* PBXTargetDependency */,
			);
			fileSystemSynchronizedGroups = (
				E23536992D77042F0004BD6B /* macOS (App) */,
			);
			name = "DeepLSafari (macOS)";
			packageProductDependencies = (
			);
			productName = "DeepLSafari (macOS)";
			productReference = E23536982D77042F0004BD6B /* DeepLSafari.app */;
			productType = "com.apple.product-type.application";
		};
		E23536A32D77042F0004BD6B /* DeepLSafari Extension (iOS) */ = {
			isa = PBXNativeTarget;
			buildConfigurationList = E23536D42D77042F0004BD6B /* Build configuration list for PBXNativeTarget "DeepLSafari Extension (iOS)" */;
			buildPhases = (
				E23536A02D77042F0004BD6B /* Sources */,
				E23536A12D77042F0004BD6B /* Frameworks */,
				E23536A22D77042F0004BD6B /* Resources */,
			);
			buildRules = (
			);
			dependencies = (
			);
			fileSystemSynchronizedGroups = (
				E23536A82D77042F0004BD6B /* iOS (Extension) */,
			);
			name = "DeepLSafari Extension (iOS)";
			packageProductDependencies = (
			);
			productName = "DeepLSafari Extension (iOS)";
			productReference = E23536A42D77042F0004BD6B /* DeepLSafari Extension.appex */;
			productType = "com.apple.product-type.app-extension";
		};
		E23536AD2D77042F0004BD6B /* DeepLSafari Extension (macOS) */ = {
			isa = PBXNativeTarget;
			buildConfigurationList = E23536DE2D77042F0004BD6B /* Build configuration list for PBXNativeTarget "DeepLSafari Extension (macOS)" */;
			buildPhases = (
				E23536AA2D77042F0004BD6B /* Sources */,
				E23536AB2D77042F0004BD6B /* Frameworks */,
				E23536AC2D77042F0004BD6B /* Resources */,
			);
			buildRules = (
			);
			dependencies = (
			);
			fileSystemSynchronizedGroups = (
				E23536B22D77042F0004BD6B /* macOS (Extension) */,
			);
			name = "DeepLSafari Extension (macOS)";
			packageProductDependencies = (
			);
			productName = "DeepLSafari Extension (macOS)";
			productReference = E23536AE2D77042F0004BD6B /* DeepLSafari Extension.appex */;
			productType = "com.apple.product-type.app-extension";
		};
/* End PBXNativeTarget section */

/* Begin PBXProject section */
		E235366A2D77042D0004BD6B /* Project object */ = {
			isa = PBXProject;
			attributes = {
				BuildIndependentTargetsInParallel = 1;
				LastSwiftUpdateCheck = 1620;
				LastUpgradeCheck = 1620;
				TargetAttributes = {
					E23536852D77042E0004BD6B = {
						CreatedOnToolsVersion = 16.2;
					};
					E23536972D77042F0004BD6B = {
						CreatedOnToolsVersion = 16.2;
					};
					E23536A32D77042F0004BD6B = {
						CreatedOnToolsVersion = 16.2;
					};
					E23536AD2D77042F0004BD6B = {
						CreatedOnToolsVersion = 16.2;
					};
				};
			};
			buildConfigurationList = E235366D2D77042D0004BD6B /* Build configuration list for PBXProject "DeepLSafari" */;
			developmentRegion = en;
			hasScannedForEncodings = 0;
			knownRegions = (
				en,
				Base,
			);
			mainGroup = E23536692D77042D0004BD6B;
			minimizedProjectReferenceProxies = 1;
			preferredProjectObjectVersion = 77;
			productRefGroup = E23536872D77042E0004BD6B /* Products */;
			projectDirPath = "";
			projectRoot = "";
			targets = (
				E23536852D77042E0004BD6B /* DeepLSafari (iOS) */,
				E23536972D77042F0004BD6B /* DeepLSafari (macOS) */,
				E23536A32D77042F0004BD6B /* DeepLSafari Extension (iOS) */,
				E23536AD2D77042F0004BD6B /* DeepLSafari Extension (macOS) */,
			);
		};
/* End PBXProject section */

/* Begin PBXResourcesBuildPhase section */
		E23536842D77042E0004BD6B /* Resources */ = {
			isa = PBXResourcesBuildPhase;
			buildActionMask = 2147483647;
			files = (
			);
			runOnlyForDeploymentPostprocessing = 0;
		};
		E23536962D77042F0004BD6B /* Resources */ = {
			isa = PBXResourcesBuildPhase;
			buildActionMask = 2147483647;
			files = (
			);
			runOnlyForDeploymentPostprocessing = 0;
		};
		E23536A22D77042F0004BD6B /* Resources */ = {
			isa = PBXResourcesBuildPhase;
			buildActionMask = 2147483647;
			files = (
			);
			runOnlyForDeploymentPostprocessing = 0;
		};
		E23536AC2D77042F0004BD6B /* Resources */ = {
			isa = PBXResourcesBuildPhase;
			buildActionMask = 2147483647;
			files = (
			);
			runOnlyForDeploymentPostprocessing = 0;
		};
/* End PBXResourcesBuildPhase section */

/* Begin PBXSourcesBuildPhase section */
		E23536822D77042E0004BD6B /* Sources */ = {
			isa = PBXSourcesBuildPhase;
			buildActionMask = 2147483647;
			files = (
			);
			runOnlyForDeploymentPostprocessing = 0;
		};
		E23536942D77042F0004BD6B /* Sources */ = {
			isa = PBXSourcesBuildPhase;
			buildActionMask = 2147483647;
			files = (
			);
			runOnlyForDeploymentPostprocessing = 0;
		};
		E23536A02D77042F0004BD6B /* Sources */ = {
			isa = PBXSourcesBuildPhase;
			buildActionMask = 2147483647;
			files = (
			);
			runOnlyForDeploymentPostprocessing = 0;
		};
		E23536AA2D77042F0004BD6B /* Sources */ = {
			isa = PBXSourcesBuildPhase;
			buildActionMask = 2147483647;
			files = (
			);
			runOnlyForDeploymentPostprocessing = 0;
		};
/* End PBXSourcesBuildPhase section */

/* Begin PBXTargetDependency section */
		E23536A72D77042F0004BD6B /* PBXTargetDependency */ = {
			isa = PBXTargetDependency;
			target = E23536A32D77042F0004BD6B /* DeepLSafari Extension (iOS) */;
			targetProxy = E23536A62D77042F0004BD6B /* PBXContainerItemProxy */;
		};
		E23536B12D77042F0004BD6B /* PBXTargetDependency */ = {
			isa = PBXTargetDependency;
			target = E23536AD2D77042F0004BD6B /* DeepLSafari Extension (macOS) */;
			targetProxy = E23536B02D77042F0004BD6B /* PBXContainerItemProxy */;
		};
/* End PBXTargetDependency section */

/* Begin XCBuildConfiguration section */
		E23536D52D77042F0004BD6B /* Debug */ = {
			isa = XCBuildConfiguration;
			buildSettings = {
				CODE_SIGN_STYLE = Automatic;
				CURRENT_PROJECT_VERSION = 1;
				GENERATE_INFOPLIST_FILE = YES;
				INFOPLIST_FILE = "iOS (Extension)/Info.plist";
				INFOPLIST_KEY_CFBundleDisplayName = "DeepLSafari Extension";
				INFOPLIST_KEY_NSHumanReadableCopyright = "";
				IPHONEOS_DEPLOYMENT_TARGET = 15.0;
				LD_RUNPATH_SEARCH_PATHS = (
					"$(inherited)",
					"@executable_path/Frameworks",
					"@executable_path/../../Frameworks",
				);
				MARKETING_VERSION = 1.0;
				OTHER_LDFLAGS = (
					"-framework",
					SafariServices,
				);
				PRODUCT_BUNDLE_IDENTIFIER = evr.DeepLSafari.Extension;
				PRODUCT_NAME = "DeepLSafari Extension";
				SDKROOT = iphoneos;
				SKIP_INSTALL = YES;
				SWIFT_EMIT_LOC_STRINGS = YES;
				SWIFT_VERSION = 5.0;
				TARGETED_DEVICE_FAMILY = "1,2";
			};
			name = Debug;
		};
		E23536D62D77042F0004BD6B /* Release */ = {
			isa = XCBuildConfiguration;
			buildSettings = {
				CODE_SIGN_STYLE = Automatic;
				CURRENT_PROJECT_VERSION = 1;
				GENERATE_INFOPLIST_FILE = YES;
				INFOPLIST_FILE = "iOS (Extension)/Info.plist";
				INFOPLIST_KEY_CFBundleDisplayName = "DeepLSafari Extension";
				INFOPLIST_KEY_NSHumanReadableCopyright = "";
				IPHONEOS_DEPLOYMENT_TARGET = 15.0;
				LD_RUNPATH_SEARCH_PATHS = (
					"$(inherited)",
					"@executable_path/Frameworks",
					"@executable_path/../../Frameworks",
				);
				MARKETING_VERSION = 1.0;
				OTHER_LDFLAGS = (
					"-framework",
					SafariServices,
				);
				PRODUCT_BUNDLE_IDENTIFIER = evr.DeepLSafari.Extension;
				PRODUCT_NAME = "DeepLSafari Extension";
				SDKROOT = iphoneos;
				SKIP_INSTALL = YES;
				SWIFT_EMIT_LOC_STRINGS = YES;
				SWIFT_VERSION = 5.0;
				TARGETED_DEVICE_FAMILY = "1,2";
				VALIDATE_PRODUCT = YES;
			};
			name = Release;
		};
		E23536DA2D77042F0004BD6B /* Debug */ = {
			isa = XCBuildConfiguration;
			buildSettings = {
				ASSETCATALOG_COMPILER_APPICON_NAME = AppIcon;
				ASSETCATALOG_COMPILER_GLOBAL_ACCENT_COLOR_NAME = AccentColor;
				CODE_SIGN_STYLE = Automatic;
				CURRENT_PROJECT_VERSION = 1;
				GENERATE_INFOPLIST_FILE = YES;
				INFOPLIST_FILE = "iOS (App)/Info.plist";
				INFOPLIST_KEY_CFBundleDisplayName = DeepLSafari;
				INFOPLIST_KEY_UIApplicationSupportsIndirectInputEvents = YES;
				INFOPLIST_KEY_UILaunchStoryboardName = LaunchScreen;
				INFOPLIST_KEY_UIMainStoryboardFile = Main;
				INFOPLIST_KEY_UISupportedInterfaceOrientations = "UIInterfaceOrientationPortrait UIInterfaceOrientationLandscapeLeft UIInterfaceOrientationLandscapeRight";
				INFOPLIST_KEY_UISupportedInterfaceOrientations_iPad = "UIInterfaceOrientationPortrait UIInterfaceOrientationPortraitUpsideDown UIInterfaceOrientationLandscapeLeft UIInterfaceOrientationLandscapeRight";
				IPHONEOS_DEPLOYMENT_TARGET = 15.0;
				LD_RUNPATH_SEARCH_PATHS = (
					"$(inherited)",
					"@executable_path/Frameworks",
				);
				MARKETING_VERSION = 1.0;
				OTHER_LDFLAGS = (
					"-framework",
					SafariServices,
					"-framework",
					WebKit,
				);
				PRODUCT_BUNDLE_IDENTIFIER = evr.DeepLSafari;
				PRODUCT_NAME = DeepLSafari;
				SDKROOT = iphoneos;
				SWIFT_EMIT_LOC_STRINGS = YES;
				SWIFT_VERSION = 5.0;
				TARGETED_DEVICE_FAMILY = "1,2";
			};
			name = Debug;
		};
		E23536DB2D77042F0004BD6B /* Release */ = {
			isa = XCBuildConfiguration;
			buildSettings = {
				ASSETCATALOG_COMPILER_APPICON_NAME = AppIcon;
				ASSETCATALOG_COMPILER_GLOBAL_ACCENT_COLOR_NAME = AccentColor;
				CODE_SIGN_STYLE = Automatic;
				CURRENT_PROJECT_VERSION = 1;
				GENERATE_INFOPLIST_FILE = YES;
				INFOPLIST_FILE = "iOS (App)/Info.plist";
				INFOPLIST_KEY_CFBundleDisplayName = DeepLSafari;
				INFOPLIST_KEY_UIApplicationSupportsIndirectInputEvents = YES;
				INFOPLIST_KEY_UILaunchStoryboardName = LaunchScreen;
				INFOPLIST_KEY_UIMainStoryboardFile = Main;
				INFOPLIST_KEY_UISupportedInterfaceOrientations = "UIInterfaceOrientationPortrait UIInterfaceOrientationLandscapeLeft UIInterfaceOrientationLandscapeRight";
				INFOPLIST_KEY_UISupportedInterfaceOrientations_iPad = "UIInterfaceOrientationPortrait UIInterfaceOrientationPortraitUpsideDown UIInterfaceOrientationLandscapeLeft UIInterfaceOrientationLandscapeRight";
				IPHONEOS_DEPLOYMENT_TARGET = 15.0;
				LD_RUNPATH_SEARCH_PATHS = (
					"$(inherited)",
					"@executable_path/Frameworks",
				);
				MARKETING_VERSION = 1.0;
				OTHER_LDFLAGS = (
					"-framework",
					SafariServices,
					"-framework",
					WebKit,
				);
				PRODUCT_BUNDLE_IDENTIFIER = evr.DeepLSafari;
				PRODUCT_NAME = DeepLSafari;
				SDKROOT = iphoneos;
				SWIFT_EMIT_LOC_STRINGS = YES;
				SWIFT_VERSION = 5.0;
				TARGETED_DEVICE_FAMILY = "1,2";
				VALIDATE_PRODUCT = YES;
			};
			name = Release;
		};
		E23536DF2D77042F0004BD6B /* Debug */ = {
			isa = XCBuildConfiguration;
			buildSettings = {
				CODE_SIGN_ENTITLEMENTS = "macOS (Extension)/DeepLSafari.entitlements";
				CODE_SIGN_STYLE = Automatic;
				CURRENT_PROJECT_VERSION = 1;
				ENABLE_HARDENED_RUNTIME = YES;
				GENERATE_INFOPLIST_FILE = YES;
				INFOPLIST_FILE = "macOS (Extension)/Info.plist";
				INFOPLIST_KEY_CFBundleDisplayName = "DeepLSafari Extension";
				INFOPLIST_KEY_NSHumanReadableCopyright = "";
				LD_RUNPATH_SEARCH_PATHS = (
					"$(inherited)",
					"@executable_path/../Frameworks",
					"@executable_path/../../../../Frameworks",
				);
				MACOSX_DEPLOYMENT_TARGET = 10.14;
				MARKETING_VERSION = 1.0;
				OTHER_LDFLAGS = (
					"-framework",
					SafariServices,
				);
				PRODUCT_BUNDLE_IDENTIFIER = evr.DeepLSafari.Extension;
				PRODUCT_NAME = "DeepLSafari Extension";
				SDKROOT = macosx;
				SKIP_INSTALL = YES;
				SWIFT_EMIT_LOC_STRINGS = YES;
				SWIFT_VERSION = 5.0;
			};
			name = Debug;
		};
		E23536E02D77042F0004BD6B /* Release */ = {
			isa = XCBuildConfiguration;
			buildSettings = {
				CODE_SIGN_ENTITLEMENTS = "macOS (Extension)/DeepLSafari.entitlements";
				CODE_SIGN_STYLE = Automatic;
				CURRENT_PROJECT_VERSION = 1;
				ENABLE_HARDENED_RUNTIME = YES;
				GENERATE_INFOPLIST_FILE = YES;
				INFOPLIST_FILE = "macOS (Extension)/Info.plist";
				INFOPLIST_KEY_CFBundleDisplayName = "DeepLSafari Extension";
				INFOPLIST_KEY_NSHumanReadableCopyright = "";
				LD_RUNPATH_SEARCH_PATHS = (
					"$(inherited)",
					"@executable_path/../Frameworks",
					"@executable_path/../../../../Frameworks",
				);
				MACOSX_DEPLOYMENT_TARGET = 10.14;
				MARKETING_VERSION = 1.0;
				OTHER_LDFLAGS = (
					"-framework",
					SafariServices,
				);
				PRODUCT_BUNDLE_IDENTIFIER = evr.DeepLSafari.Extension;
				PRODUCT_NAME = "DeepLSafari Extension";
				SDKROOT = macosx;
				SKIP_INSTALL = YES;
				SWIFT_EMIT_LOC_STRINGS = YES;
				SWIFT_VERSION = 5.0;
			};
			name = Release;
		};
		E23536E42D77042F0004BD6B /* Debug */ = {
			isa = XCBuildConfiguration;
			buildSettings = {
				ASSETCATALOG_COMPILER_APPICON_NAME = AppIcon;
				ASSETCATALOG_COMPILER_GLOBAL_ACCENT_COLOR_NAME = AccentColor;
				CODE_SIGN_ENTITLEMENTS = "macOS (App)/DeepLSafari.entitlements";
				CODE_SIGN_STYLE = Automatic;
				CURRENT_PROJECT_VERSION = 1;
				ENABLE_HARDENED_RUNTIME = YES;
				GENERATE_INFOPLIST_FILE = YES;
				INFOPLIST_KEY_CFBundleDisplayName = DeepLSafari;
				INFOPLIST_KEY_NSMainStoryboardFile = Main;
				INFOPLIST_KEY_NSPrincipalClass = NSApplication;
				LD_RUNPATH_SEARCH_PATHS = (
					"$(inherited)",
					"@executable_path/../Frameworks",
				);
				MACOSX_DEPLOYMENT_TARGET = 10.14;
				MARKETING_VERSION = 1.0;
				OTHER_LDFLAGS = (
					"-framework",
					SafariServices,
					"-framework",
					WebKit,
				);
				PRODUCT_BUNDLE_IDENTIFIER = evr.DeepLSafari;
				PRODUCT_NAME = DeepLSafari;
				SDKROOT = macosx;
				SWIFT_EMIT_LOC_STRINGS = YES;
				SWIFT_VERSION = 5.0;
			};
			name = Debug;
		};
		E23536E52D77042F0004BD6B /* Release */ = {
			isa = XCBuildConfiguration;
			buildSettings = {
				ASSETCATALOG_COMPILER_APPICON_NAME = AppIcon;
				ASSETCATALOG_COMPILER_GLOBAL_ACCENT_COLOR_NAME = AccentColor;
				CODE_SIGN_ENTITLEMENTS = "macOS (App)/DeepLSafari.entitlements";
				CODE_SIGN_STYLE = Automatic;
				CURRENT_PROJECT_VERSION = 1;
				ENABLE_HARDENED_RUNTIME = YES;
				GENERATE_INFOPLIST_FILE = YES;
				INFOPLIST_KEY_CFBundleDisplayName = DeepLSafari;
				INFOPLIST_KEY_NSMainStoryboardFile = Main;
				INFOPLIST_KEY_NSPrincipalClass = NSApplication;
				LD_RUNPATH_SEARCH_PATHS = (
					"$(inherited)",
					"@executable_path/../Frameworks",
				);
				MACOSX_DEPLOYMENT_TARGET = 10.14;
				MARKETING_VERSION = 1.0;
				OTHER_LDFLAGS = (
					"-framework",
					SafariServices,
					"-framework",
					WebKit,
				);
				PRODUCT_BUNDLE_IDENTIFIER = evr.DeepLSafari;
				PRODUCT_NAME = DeepLSafari;
				SDKROOT = macosx;
				SWIFT_EMIT_LOC_STRINGS = YES;
				SWIFT_VERSION = 5.0;
			};
			name = Release;
		};
		E23536E82D77042F0004BD6B /* Debug */ = {
			isa = XCBuildConfiguration;
			buildSettings = {
				ALWAYS_SEARCH_USER_PATHS = NO;
				ASSETCATALOG_COMPILER_GENERATE_SWIFT_ASSET_SYMBOL_EXTENSIONS = YES;
				CLANG_ANALYZER_NONNULL = YES;
				CLANG_ANALYZER_NUMBER_OBJECT_CONVERSION = YES_AGGRESSIVE;
				CLANG_CXX_LANGUAGE_STANDARD = "gnu++20";
				CLANG_ENABLE_MODULES = YES;
				CLANG_ENABLE_OBJC_ARC = YES;
				CLANG_ENABLE_OBJC_WEAK = YES;
				CLANG_WARN_BLOCK_CAPTURE_AUTORELEASING = YES;
				CLANG_WARN_BOOL_CONVERSION = YES;
				CLANG_WARN_COMMA = YES;
				CLANG_WARN_CONSTANT_CONVERSION = YES;
				CLANG_WARN_DEPRECATED_OBJC_IMPLEMENTATIONS = YES;
				CLANG_WARN_DIRECT_OBJC_ISA_USAGE = YES_ERROR;
				CLANG_WARN_DOCUMENTATION_COMMENTS = YES;
				CLANG_WARN_EMPTY_BODY = YES;
				CLANG_WARN_ENUM_CONVERSION = YES;
				CLANG_WARN_INFINITE_RECURSION = YES;
				CLANG_WARN_INT_CONVERSION = YES;
				CLANG_WARN_NON_LITERAL_NULL_CONVERSION = YES;
				CLANG_WARN_OBJC_IMPLICIT_RETAIN_SELF = YES;
				CLANG_WARN_OBJC_LITERAL_CONVERSION = YES;
				CLANG_WARN_OBJC_ROOT_CLASS = YES_ERROR;
				CLANG_WARN_QUOTED_INCLUDE_IN_FRAMEWORK_HEADER = YES;
				CLANG_WARN_RANGE_LOOP_ANALYSIS = YES;
				CLANG_WARN_STRICT_PROTOTYPES = YES;
				CLANG_WARN_SUSPICIOUS_MOVE = YES;
				CLANG_WARN_UNGUARDED_AVAILABILITY = YES_AGGRESSIVE;
				CLANG_WARN_UNREACHABLE_CODE = YES;
				CLANG_WARN__DUPLICATE_METHOD_MATCH = YES;
				COPY_PHASE_STRIP = NO;
				DEBUG_INFORMATION_FORMAT = dwarf;
				ENABLE_STRICT_OBJC_MSGSEND = YES;
				ENABLE_TESTABILITY = YES;
				ENABLE_USER_SCRIPT_SANDBOXING = YES;
				GCC_C_LANGUAGE_STANDARD = gnu17;
				GCC_DYNAMIC_NO_PIC = NO;
				GCC_NO_COMMON_BLOCKS = YES;
				GCC_OPTIMIZATION_LEVEL = 0;
				GCC_PREPROCESSOR_DEFINITIONS = (
					"DEBUG=1",
					"$(inherited)",
				);
				GCC_WARN_64_TO_32_BIT_CONVERSION = YES;
				GCC_WARN_ABOUT_RETURN_TYPE = YES_ERROR;
				GCC_WARN_UNDECLARED_SELECTOR = YES;
				GCC_WARN_UNINITIALIZED_AUTOS = YES_AGGRESSIVE;
				GCC_WARN_UNUSED_FUNCTION = YES;
				GCC_WARN_UNUSED_VARIABLE = YES;
				LOCALIZATION_PREFERS_STRING_CATALOGS = YES;
				MTL_ENABLE_DEBUG_INFO = INCLUDE_SOURCE;
				MTL_FAST_MATH = YES;
				ONLY_ACTIVE_ARCH = YES;
				SWIFT_ACTIVE_COMPILATION_CONDITIONS = "DEBUG $(inherited)";
				SWIFT_OPTIMIZATION_LEVEL = "-Onone";
			};
			name = Debug;
		};
		E23536E92D77042F0004BD6B /* Release */ = {
			isa = XCBuildConfiguration;
			buildSettings = {
				ALWAYS_SEARCH_USER_PATHS = NO;
				ASSETCATALOG_COMPILER_GENERATE_SWIFT_ASSET_SYMBOL_EXTENSIONS = YES;
				CLANG_ANALYZER_NONNULL = YES;
				CLANG_ANALYZER_NUMBER_OBJECT_CONVERSION = YES_AGGRESSIVE;
				CLANG_CXX_LANGUAGE_STANDARD = "gnu++20";
				CLANG_ENABLE_MODULES = YES;
				CLANG_ENABLE_OBJC_ARC = YES;
				CLANG_ENABLE_OBJC_WEAK = YES;
				CLANG_WARN_BLOCK_CAPTURE_AUTORELEASING = YES;
				CLANG_WARN_BOOL_CONVERSION = YES;
				CLANG_WARN_COMMA = YES;
				CLANG_WARN_CONSTANT_CONVERSION = YES;
				CLANG_WARN_DEPRECATED_OBJC_IMPLEMENTATIONS = YES;
				CLANG_WARN_DIRECT_OBJC_ISA_USAGE = YES_ERROR;
				CLANG_WARN_DOCUMENTATION_COMMENTS = YES;
				CLANG_WARN_EMPTY_BODY = YES;
				CLANG_WARN_ENUM_CONVERSION = YES;
				CLANG_WARN_INFINITE_RECURSION = YES;
				CLANG_WARN_INT_CONVERSION = YES;
				CLANG_WARN_NON_LITERAL_NULL_CONVERSION = YES;
				CLANG_WARN_OBJC_IMPLICIT_RETAIN_SELF = YES;
				CLANG_WARN_OBJC_LITERAL_CONVERSION = YES;
				CLANG_WARN_OBJC_ROOT_CLASS = YES_ERROR;
				CLANG_WARN_QUOTED_INCLUDE_IN_FRAMEWORK_HEADER = YES;
				CLANG_WARN_RANGE_LOOP_ANALYSIS = YES;
				CLANG_WARN_STRICT_PROTOTYPES = YES;
				CLANG_WARN_SUSPICIOUS_MOVE = YES;
				CLANG_WARN_UNGUARDED_AVAILABILITY = YES_AGGRESSIVE;
				CLANG_WARN_UNREACHABLE_CODE = YES;
				CLANG_WARN__DUPLICATE_METHOD_MATCH = YES;
				COPY_PHASE_STRIP = NO;
				DEBUG_INFORMATION_FORMAT = "dwarf-with-dsym";
				ENABLE_NS_ASSERTIONS = NO;
				ENABLE_STRICT_OBJC_MSGSEND = YES;
				ENABLE_USER_SCRIPT_SANDBOXING = YES;
				GCC_C_LANGUAGE_STANDARD = gnu17;
				GCC_NO_COMMON_BLOCKS = YES;
				GCC_WARN_64_TO_32_BIT_CONVERSION = YES;
				GCC_WARN_ABOUT_RETURN_TYPE = YES_ERROR;
				GCC_WARN_UNDECLARED_SELECTOR = YES;
				GCC_WARN_UNINITIALIZED_AUTOS = YES_AGGRESSIVE;
				GCC_WARN_UNUSED_FUNCTION = YES;
				GCC_WARN_UNUSED_VARIABLE = YES;
				LOCALIZATION_PREFERS_STRING_CATALOGS = YES;
				MTL_ENABLE_DEBUG_INFO = NO;
				MTL_FAST_MATH = YES;
				SWIFT_COMPILATION_MODE = wholemodule;
			};
			name = Release;
		};
/* End XCBuildConfiguration section */

/* Begin XCConfigurationList section */
		E235366D2D77042D0004BD6B /* Build configuration list for PBXProject "DeepLSafari" */ = {
			isa = XCConfigurationList;
			buildConfigurations = (
				E23536E82D77042F0004BD6B /* Debug */,
				E23536E92D77042F0004BD6B /* Release */,
			);
			defaultConfigurationIsVisible = 0;
			defaultConfigurationName = Release;
		};
		E23536D42D77042F0004BD6B /* Build configuration list for PBXNativeTarget "DeepLSafari Extension (iOS)" */ = {
			isa = XCConfigurationList;
			buildConfigurations = (
				E23536D52D77042F0004BD6B /* Debug */,
				E23536D62D77042F0004BD6B /* Release */,
			);
			defaultConfigurationIsVisible = 0;
			defaultConfigurationName = Release;
		};
		E23536D92D77042F0004BD6B /* Build configuration list for PBXNativeTarget "DeepLSafari (iOS)" */ = {
			isa = XCConfigurationList;
			buildConfigurations = (
				E23536DA2D77042F0004BD6B /* Debug */,
				E23536DB2D77042F0004BD6B /* Release */,
			);
			defaultConfigurationIsVisible = 0;
			defaultConfigurationName = Release;
		};
		E23536DE2D77042F0004BD6B /* Build configuration list for PBXNativeTarget "DeepLSafari Extension (macOS)" */ = {
			isa = XCConfigurationList;
			buildConfigurations = (
				E23536DF2D77042F0004BD6B /* Debug */,
				E23536E02D77042F0004BD6B /* Release */,
			);
			defaultConfigurationIsVisible = 0;
			defaultConfigurationName = Release;
		};
		E23536E32D77042F0004BD6B /* Build configuration list for PBXNativeTarget "DeepLSafari (macOS)" */ = {
			isa = XCConfigurationList;
			buildConfigurations = (
				E23536E42D77042F0004BD6B /* Debug */,
				E23536E52D77042F0004BD6B /* Release */,
			);
			defaultConfigurationIsVisible = 0;
			defaultConfigurationName = Release;
		};
/* End XCConfigurationList section */
	};
	rootObject = E235366A2D77042D0004BD6B /* Project object */;
}
